
Microsoft Visual Studio Solution File, Format Version 12.00
# Visual Studio Version 17
VisualStudioVersion = 17.8.34309.116
MinimumVisualStudioVersion = 10.0.40219.1
Project("{9A19103F-16F7-4668-BE54-9A1E7A4F7556}") = "AssemblyToAPI", "AssemblyToAPI\AssemblyToAPI.csproj", "{3192DBB6-CBA4-4EEE-85E6-BA4E9A4E899A}"
EndProject
Project("{9A19103F-16F7-4668-BE54-9A1E7A4F7556}") = "Library", "Library\Library.csproj", "{B0924C59-3B6B-4873-89CA-FF8544CE5D36}"
EndProject
Project("{9A19103F-16F7-4668-BE54-9A1E7A4F7556}") = "LLMConnect", "LLMConnect\LLMConnect.csproj", "{AD2FE969-B4F0-4C56-BFF6-4B5146F29636}"
EndProject
Project("{FAE04EC0-301F-11D3-BF4B-00C04F79EFBC}") = "ConsoleAssemblyToApi", "ConsoleAssemblyToApi\ConsoleAssemblyToApi.csproj", "{F54DE7C0-FA3F-4B49-B28F-10077B91E578}"
EndProject
Global
	GlobalSection(SolutionConfigurationPlatforms) = preSolution
		Debug|Any CPU = Debug|Any CPU
		Release|Any CPU = Release|Any CPU
	EndGlobalSection
	GlobalSection(ProjectConfigurationPlatforms) = postSolution
		{3192DBB6-CBA4-4EEE-85E6-BA4E9A4E899A}.Debug|Any CPU.ActiveCfg = Debug|Any CPU
		{3192DBB6-CBA4-4EEE-85E6-BA4E9A4E899A}.Debug|Any CPU.Build.0 = Debug|Any CPU
		{3192DBB6-CBA4-4EEE-85E6-BA4E9A4E899A}.Release|Any CPU.ActiveCfg = Release|Any CPU
		{3192DBB6-CBA4-4EEE-85E6-BA4E9A4E899A}.Release|Any CPU.Build.0 = Release|Any CPU
		{B0924C59-3B6B-4873-89CA-FF8544CE5D36}.Debug|Any CPU.ActiveCfg = Debug|Any CPU
		{B0924C59-3B6B-4873-89CA-FF8544CE5D36}.Debug|Any CPU.Build.0 = Debug|Any CPU
		{B0924C59-3B6B-4873-89CA-FF8544CE5D36}.Release|Any CPU.ActiveCfg = Release|Any CPU
		{B0924C59-3B6B-4873-89CA-FF8544CE5D36}.Release|Any CPU.Build.0 = Release|Any CPU
		{AD2FE969-B4F0-4C56-BFF6-4B5146F29636}.Debug|Any CPU.ActiveCfg = Debug|Any CPU
		{AD2FE969-B4F0-4C56-BFF6-4B5146F29636}.Debug|Any CPU.Build.0 = Debug|Any CPU
		{AD2FE969-B4F0-4C56-BFF6-4B5146F29636}.Release|Any CPU.ActiveCfg = Release|Any CPU
		{AD2FE969-B4F0-4C56-BFF6-4B5146F29636}.Release|Any CPU.Build.0 = Release|Any CPU
		{F54DE7C0-FA3F-4B49-B28F-10077B91E578}.Debug|Any CPU.ActiveCfg = Debug|Any CPU
		{F54DE7C0-FA3F-4B49-B28F-10077B91E578}.Debug|Any CPU.Build.0 = Debug|Any CPU
		{F54DE7C0-FA3F-4B49-B28F-10077B91E578}.Release|Any CPU.ActiveCfg = Release|Any CPU
		{F54DE7C0-FA3F-4B49-B28F-10077B91E578}.Release|Any CPU.Build.0 = Release|Any CPU
	EndGlobalSection
	GlobalSection(SolutionProperties) = preSolution
		HideSolutionNode = FALSE
	EndGlobalSection
	GlobalSection(ExtensibilityGlobals) = postSolution
		SolutionGuid = {F9E83A75-9DE8-4543-9845-88C527F6B4B3}
	EndGlobalSection
EndGlobal
